
Microsoft Visual Studio Solution File, Format Version 12.00
# Visual Studio 15
VisualStudioVersion = 15.0.27130.2010
MinimumVisualStudioVersion = 10.0.40219.1
Project("{FAE04EC0-301F-11D3-BF4B-00C04F79EFBC}") = "SpecFlowExampleProject1", "UnitTestProject1\SpecFlowExampleProject1.csproj", "{277E9C76-9354-4C92-A461-AC623C1C59E8}"
EndProject
Global
	GlobalSection(SolutionConfigurationPlatforms) = preSolution
		Debug|Any CPU = Debug|Any CPU
		Release|Any CPU = Release|Any CPU
	EndGlobalSection
	GlobalSection(ProjectConfigurationPlatforms) = postSolution
		{277E9C76-9354-4C92-A461-AC623C1C59E8}.Debug|Any CPU.ActiveCfg = Debug|Any CPU
		{277E9C76-9354-4C92-A461-AC623C1C59E8}.Debug|Any CPU.Build.0 = Debug|Any CPU
		{277E9C76-9354-4C92-A461-AC623C1C59E8}.Release|Any CPU.ActiveCfg = Release|Any CPU
		{277E9C76-9354-4C92-A461-AC623C1C59E8}.Release|Any CPU.Build.0 = Release|Any CPU
	EndGlobalSection
	GlobalSection(SolutionProperties) = preSolution
		HideSolutionNode = FALSE
	EndGlobalSection
	GlobalSection(ExtensibilityGlobals) = postSolution
		SolutionGuid = {36B16B48-8FCE-41AD-8977-094AA0EC6850}
	EndGlobalSection
EndGlobal
